
Microsoft Visual Studio Solution File, Format Version 11.00
# Visual Studio 2010
Project("{FAE04EC0-301F-11D3-BF4B-00C04F79EFBC}") = "Geometry", "Geometry\Geometry.csproj", "{402DFF9E-3419-442F-B8CC-A2155DEF40A0}"
EndProject
Project("{FAE04EC0-301F-11D3-BF4B-00C04F79EFBC}") = "ConsoleDemo", "ConsoleDemo\ConsoleDemo.csproj", "{F9A7F4CE-94D2-4740-8EE4-0DDD361D3995}"
EndProject
Project("{FAE04EC0-301F-11D3-BF4B-00C04F79EFBC}") = "ConsoleView", "ConsoleView\ConsoleView.csproj", "{9E163CE8-17AA-4AE5-803F-4CB9AF647268}"
EndProject
Project("{FAE04EC0-301F-11D3-BF4B-00C04F79EFBC}") = "Utilities", "Utilities\Utilities.csproj", "{42215FA1-D375-40B1-AD31-860198DE94E1}"
EndProject
Global
	GlobalSection(SolutionConfigurationPlatforms) = preSolution
		Debug|Any CPU = Debug|Any CPU
		Debug|Mixed Platforms = Debug|Mixed Platforms
		Debug|x86 = Debug|x86
		Release|Any CPU = Release|Any CPU
		Release|Mixed Platforms = Release|Mixed Platforms
		Release|x86 = Release|x86
	EndGlobalSection
	GlobalSection(ProjectConfigurationPlatforms) = postSolution
		{402DFF9E-3419-442F-B8CC-A2155DEF40A0}.Debug|Any CPU.ActiveCfg = Debug|Any CPU
		{402DFF9E-3419-442F-B8CC-A2155DEF40A0}.Debug|Any CPU.Build.0 = Debug|Any CPU
		{402DFF9E-3419-442F-B8CC-A2155DEF40A0}.Debug|Mixed Platforms.ActiveCfg = Debug|Any CPU
		{402DFF9E-3419-442F-B8CC-A2155DEF40A0}.Debug|Mixed Platforms.Build.0 = Debug|Any CPU
		{402DFF9E-3419-442F-B8CC-A2155DEF40A0}.Debug|x86.ActiveCfg = Debug|Any CPU
		{402DFF9E-3419-442F-B8CC-A2155DEF40A0}.Release|Any CPU.ActiveCfg = Release|Any CPU
		{402DFF9E-3419-442F-B8CC-A2155DEF40A0}.Release|Any CPU.Build.0 = Release|Any CPU
		{402DFF9E-3419-442F-B8CC-A2155DEF40A0}.Release|Mixed Platforms.ActiveCfg = Release|Any CPU
		{402DFF9E-3419-442F-B8CC-A2155DEF40A0}.Release|Mixed Platforms.Build.0 = Release|Any CPU
		{402DFF9E-3419-442F-B8CC-A2155DEF40A0}.Release|x86.ActiveCfg = Release|Any CPU
		{F9A7F4CE-94D2-4740-8EE4-0DDD361D3995}.Debug|Any CPU.ActiveCfg = Debug|x86
		{F9A7F4CE-94D2-4740-8EE4-0DDD361D3995}.Debug|Mixed Platforms.ActiveCfg = Debug|x86
		{F9A7F4CE-94D2-4740-8EE4-0DDD361D3995}.Debug|Mixed Platforms.Build.0 = Debug|x86
		{F9A7F4CE-94D2-4740-8EE4-0DDD361D3995}.Debug|x86.ActiveCfg = Debug|x86
		{F9A7F4CE-94D2-4740-8EE4-0DDD361D3995}.Debug|x86.Build.0 = Debug|x86
		{F9A7F4CE-94D2-4740-8EE4-0DDD361D3995}.Release|Any CPU.ActiveCfg = Release|x86
		{F9A7F4CE-94D2-4740-8EE4-0DDD361D3995}.Release|Mixed Platforms.ActiveCfg = Release|x86
		{F9A7F4CE-94D2-4740-8EE4-0DDD361D3995}.Release|Mixed Platforms.Build.0 = Release|x86
		{F9A7F4CE-94D2-4740-8EE4-0DDD361D3995}.Release|x86.ActiveCfg = Release|x86
		{F9A7F4CE-94D2-4740-8EE4-0DDD361D3995}.Release|x86.Build.0 = Release|x86
		{9E163CE8-17AA-4AE5-803F-4CB9AF647268}.Debug|Any CPU.ActiveCfg = Debug|Any CPU
		{9E163CE8-17AA-4AE5-803F-4CB9AF647268}.Debug|Any CPU.Build.0 = Debug|Any CPU
		{9E163CE8-17AA-4AE5-803F-4CB9AF647268}.Debug|Mixed Platforms.ActiveCfg = Debug|Any CPU
		{9E163CE8-17AA-4AE5-803F-4CB9AF647268}.Debug|Mixed Platforms.Build.0 = Debug|Any CPU
		{9E163CE8-17AA-4AE5-803F-4CB9AF647268}.Debug|x86.ActiveCfg = Debug|Any CPU
		{9E163CE8-17AA-4AE5-803F-4CB9AF647268}.Release|Any CPU.ActiveCfg = Release|Any CPU
		{9E163CE8-17AA-4AE5-803F-4CB9AF647268}.Release|Any CPU.Build.0 = Release|Any CPU
		{9E163CE8-17AA-4AE5-803F-4CB9AF647268}.Release|Mixed Platforms.ActiveCfg = Release|Any CPU
		{9E163CE8-17AA-4AE5-803F-4CB9AF647268}.Release|Mixed Platforms.Build.0 = Release|Any CPU
		{9E163CE8-17AA-4AE5-803F-4CB9AF647268}.Release|x86.ActiveCfg = Release|Any CPU
		{42215FA1-D375-40B1-AD31-860198DE94E1}.Debug|Any CPU.ActiveCfg = Debug|Any CPU
		{42215FA1-D375-40B1-AD31-860198DE94E1}.Debug|Any CPU.Build.0 = Debug|Any CPU
		{42215FA1-D375-40B1-AD31-860198DE94E1}.Debug|Mixed Platforms.ActiveCfg = Debug|Any CPU
		{42215FA1-D375-40B1-AD31-860198DE94E1}.Debug|Mixed Platforms.Build.0 = Debug|Any CPU
		{42215FA1-D375-40B1-AD31-860198DE94E1}.Debug|x86.ActiveCfg = Debug|Any CPU
		{42215FA1-D375-40B1-AD31-860198DE94E1}.Release|Any CPU.ActiveCfg = Release|Any CPU
		{42215FA1-D375-40B1-AD31-860198DE94E1}.Release|Any CPU.Build.0 = Release|Any CPU
		{42215FA1-D375-40B1-AD31-860198DE94E1}.Release|Mixed Platforms.ActiveCfg = Release|Any CPU
		{42215FA1-D375-40B1-AD31-860198DE94E1}.Release|Mixed Platforms.Build.0 = Release|Any CPU
		{42215FA1-D375-40B1-AD31-860198DE94E1}.Release|x86.ActiveCfg = Release|Any CPU
	EndGlobalSection
	GlobalSection(SolutionProperties) = preSolution
		HideSolutionNode = FALSE
	EndGlobalSection
EndGlobal
